// !$*UTF8*$!
{
	archiveVersion = 1;
	classes = {
	};
	objectVersion = 50;
	objects = {

/* Begin PBXBuildFile section */
		23FFADD0DD5B21C5471E1243 /* libPods-QUICKLEARN.a in Frameworks */ = {isa = PBXBuildFile; fileRef = 4155CF064E29712677C04578 /* libPods-QUICKLEARN.a */; };
		7589C04DF2A456BA46C966BD /* libPods-QUICKLEARNTests.a in Frameworks */ = {isa = PBXBuildFile; fileRef = CB77E3E018A464A987E92C64 /* libPods-QUICKLEARNTests.a */; };
		B681A5762361A3A900340D05 /* Model.swift in Sources */ = {isa = PBXBuildFile; fileRef = B681A5752361A3A900340D05 /* Model.swift */; };
		B681A57C2361D10400340D05 /* HistoryListViewController.swift in Sources */ = {isa = PBXBuildFile; fileRef = B681A57B2361D10400340D05 /* HistoryListViewController.swift */; };
		B6BF7C0E23631A0C0004D15B /* HistoryCell.swift in Sources */ = {isa = PBXBuildFile; fileRef = B6BF7C0D23631A0C0004D15B /* HistoryCell.swift */; };
		B6D6C2F723616E480022245F /* AppDelegate.swift in Sources */ = {isa = PBXBuildFile; fileRef = B6D6C2F623616E480022245F /* AppDelegate.swift */; };
		B6D6C2F923616E480022245F /* SceneDelegate.swift in Sources */ = {isa = PBXBuildFile; fileRef = B6D6C2F823616E480022245F /* SceneDelegate.swift */; };
		B6D6C2FB23616E480022245F /* ViewController.swift in Sources */ = {isa = PBXBuildFile; fileRef = B6D6C2FA23616E480022245F /* ViewController.swift */; };
		B6D6C2FE23616E480022245F /* Main.storyboard in Resources */ = {isa = PBXBuildFile; fileRef = B6D6C2FC23616E480022245F /* Main.storyboard */; };
		B6D6C30123616E480022245F /* QUICKLEARN.xcdatamodeld in Sources */ = {isa = PBXBuildFile; fileRef = B6D6C2FF23616E480022245F /* QUICKLEARN.xcdatamodeld */; };
		B6D6C30323616E4A0022245F /* Assets.xcassets in Resources */ = {isa = PBXBuildFile; fileRef = B6D6C30223616E4A0022245F /* Assets.xcassets */; };
		B6D6C30623616E4A0022245F /* LaunchScreen.storyboard in Resources */ = {isa = PBXBuildFile; fileRef = B6D6C30423616E4A0022245F /* LaunchScreen.storyboard */; };
		B6D6C31123616E4A0022245F /* QUICKLEARNTests.swift in Sources */ = {isa = PBXBuildFile; fileRef = B6D6C31023616E4A0022245F /* QUICKLEARNTests.swift */; };
		B6D6C31C23616E4B0022245F /* QUICKLEARNUITests.swift in Sources */ = {isa = PBXBuildFile; fileRef = B6D6C31B23616E4B0022245F /* QUICKLEARNUITests.swift */; };
		B6E4B74623634826002EDBCC /* ViewController.swift in Sources */ = {isa = PBXBuildFile; fileRef = B6D6C2FA23616E480022245F /* ViewController.swift */; };
		B6E4B74823634830002EDBCC /* HistoryListViewController.swift in Sources */ = {isa = PBXBuildFile; fileRef = B681A57B2361D10400340D05 /* HistoryListViewController.swift */; };
		B6E4B74B23634C06002EDBCC /* HistoryCell.swift in Sources */ = {isa = PBXBuildFile; fileRef = B6BF7C0D23631A0C0004D15B /* HistoryCell.swift */; };
		B6E4B75323634CE2002EDBCC /* Model.swift in Sources */ = {isa = PBXBuildFile; fileRef = B681A5752361A3A900340D05 /* Model.swift */; };
		B6E4B75923634F41002EDBCC /* Main.storyboard in Resources */ = {isa = PBXBuildFile; fileRef = B6D6C2FC23616E480022245F /* Main.storyboard */; };
		B6E4B75F23635625002EDBCC /* Images.xcassets in Resources */ = {isa = PBXBuildFile; fileRef = B6E4B75E23635625002EDBCC /* Images.xcassets */; };
/* End PBXBuildFile section */

/* Begin PBXContainerItemProxy section */
		B6D6C30D23616E4A0022245F /* PBXContainerItemProxy */ = {
			isa = PBXContainerItemProxy;
			containerPortal = B6D6C2EB23616E480022245F /* Project object */;
			proxyType = 1;
			remoteGlobalIDString = B6D6C2F223616E480022245F;
			remoteInfo = QUICKLEARN;
		};
		B6D6C31823616E4A0022245F /* PBXContainerItemProxy */ = {
			isa = PBXContainerItemProxy;
			containerPortal = B6D6C2EB23616E480022245F /* Project object */;
			proxyType = 1;
			remoteGlobalIDString = B6D6C2F223616E480022245F;
			remoteInfo = QUICKLEARN;
		};
/* End PBXContainerItemProxy section */

/* Begin PBXFileReference section */
		0738CAA76DE839206FD56BB2 /* Pods-QUICKLEARN.debug.xcconfig */ = {isa = PBXFileReference; includeInIndex = 1; lastKnownFileType = text.xcconfig; name = "Pods-QUICKLEARN.debug.xcconfig"; path = "Target Support Files/Pods-QUICKLEARN/Pods-QUICKLEARN.debug.xcconfig"; sourceTree = "<group>"; };
		25771004D222B8BA67DD5BFA /* Pods-QUICKLEARNTests.debug.xcconfig */ = {isa = PBXFileReference; includeInIndex = 1; lastKnownFileType = text.xcconfig; name = "Pods-QUICKLEARNTests.debug.xcconfig"; path = "Target Support Files/Pods-QUICKLEARNTests/Pods-QUICKLEARNTests.debug.xcconfig"; sourceTree = "<group>"; };
		2C9169D6E3DBA05BF1CF2173 /* Pods-QUICKLEARN.release.xcconfig */ = {isa = PBXFileReference; includeInIndex = 1; lastKnownFileType = text.xcconfig; name = "Pods-QUICKLEARN.release.xcconfig"; path = "Target Support Files/Pods-QUICKLEARN/Pods-QUICKLEARN.release.xcconfig"; sourceTree = "<group>"; };
		4155CF064E29712677C04578 /* libPods-QUICKLEARN.a */ = {isa = PBXFileReference; explicitFileType = archive.ar; includeInIndex = 0; path = "libPods-QUICKLEARN.a"; sourceTree = BUILT_PRODUCTS_DIR; };
		92BA7608407FDF18A0477947 /* Pods-QUICKLEARNTests.release.xcconfig */ = {isa = PBXFileReference; includeInIndex = 1; lastKnownFileType = text.xcconfig; name = "Pods-QUICKLEARNTests.release.xcconfig"; path = "Target Support Files/Pods-QUICKLEARNTests/Pods-QUICKLEARNTests.release.xcconfig"; sourceTree = "<group>"; };
		B681A5752361A3A900340D05 /* Model.swift */ = {isa = PBXFileReference; lastKnownFileType = sourcecode.swift; path = Model.swift; sourceTree = "<group>"; };
		B681A57B2361D10400340D05 /* HistoryListViewController.swift */ = {isa = PBXFileReference; lastKnownFileType = sourcecode.swift; path = HistoryListViewController.swift; sourceTree = "<group>"; };
		B6BF7C0D23631A0C0004D15B /* HistoryCell.swift */ = {isa = PBXFileReference; lastKnownFileType = sourcecode.swift; path = HistoryCell.swift; sourceTree = "<group>"; };
		B6D6C2F323616E480022245F /* QUICKLEARN.app */ = {isa = PBXFileReference; explicitFileType = wrapper.application; includeInIndex = 0; path = QUICKLEARN.app; sourceTree = BUILT_PRODUCTS_DIR; };
		B6D6C2F623616E480022245F /* AppDelegate.swift */ = {isa = PBXFileReference; lastKnownFileType = sourcecode.swift; path = AppDelegate.swift; sourceTree = "<group>"; };
		B6D6C2F823616E480022245F /* SceneDelegate.swift */ = {isa = PBXFileReference; lastKnownFileType = sourcecode.swift; path = SceneDelegate.swift; sourceTree = "<group>"; };
		B6D6C2FA23616E480022245F /* ViewController.swift */ = {isa = PBXFileReference; lastKnownFileType = sourcecode.swift; path = ViewController.swift; sourceTree = "<group>"; };
		B6D6C2FD23616E480022245F /* Base */ = {isa = PBXFileReference; lastKnownFileType = file.storyboard; name = Base; path = Base.lproj/Main.storyboard; sourceTree = "<group>"; };
		B6D6C30023616E480022245F /* QUICKLEARN.xcdatamodel */ = {isa = PBXFileReference; lastKnownFileType = wrapper.xcdatamodel; path = QUICKLEARN.xcdatamodel; sourceTree = "<group>"; };
		B6D6C30223616E4A0022245F /* Assets.xcassets */ = {isa = PBXFileReference; lastKnownFileType = folder.assetcatalog; path = Assets.xcassets; sourceTree = "<group>"; };
		B6D6C30523616E4A0022245F /* Base */ = {isa = PBXFileReference; lastKnownFileType = file.storyboard; name = Base; path = Base.lproj/LaunchScreen.storyboard; sourceTree = "<group>"; };
		B6D6C30723616E4A0022245F /* Info.plist */ = {isa = PBXFileReference; lastKnownFileType = text.plist.xml; path = Info.plist; sourceTree = "<group>"; };
		B6D6C30C23616E4A0022245F /* QUICKLEARNTests.xctest */ = {isa = PBXFileReference; explicitFileType = wrapper.cfbundle; includeInIndex = 0; path = QUICKLEARNTests.xctest; sourceTree = BUILT_PRODUCTS_DIR; };
		B6D6C31023616E4A0022245F /* QUICKLEARNTests.swift */ = {isa = PBXFileReference; lastKnownFileType = sourcecode.swift; path = QUICKLEARNTests.swift; sourceTree = "<group>"; };
		B6D6C31223616E4A0022245F /* Info.plist */ = {isa = PBXFileReference; lastKnownFileType = text.plist.xml; path = Info.plist; sourceTree = "<group>"; };
		B6D6C31723616E4A0022245F /* QUICKLEARNUITests.xctest */ = {isa = PBXFileReference; explicitFileType = wrapper.cfbundle; includeInIndex = 0; path = QUICKLEARNUITests.xctest; sourceTree = BUILT_PRODUCTS_DIR; };
		B6D6C31B23616E4B0022245F /* QUICKLEARNUITests.swift */ = {isa = PBXFileReference; lastKnownFileType = sourcecode.swift; path = QUICKLEARNUITests.swift; sourceTree = "<group>"; };
		B6D6C31D23616E4B0022245F /* Info.plist */ = {isa = PBXFileReference; lastKnownFileType = text.plist.xml; path = Info.plist; sourceTree = "<group>"; };
		B6E4B75E23635625002EDBCC /* Images.xcassets */ = {isa = PBXFileReference; lastKnownFileType = folder.assetcatalog; path = Images.xcassets; sourceTree = "<group>"; };
		CB77E3E018A464A987E92C64 /* libPods-QUICKLEARNTests.a */ = {isa = PBXFileReference; explicitFileType = archive.ar; includeInIndex = 0; path = "libPods-QUICKLEARNTests.a"; sourceTree = BUILT_PRODUCTS_DIR; };
/* End PBXFileReference section */

/* Begin PBXFrameworksBuildPhase section */
		B6D6C2F023616E480022245F /* Frameworks */ = {
			isa = PBXFrameworksBuildPhase;
			buildActionMask = 2147483647;
			files = (
				23FFADD0DD5B21C5471E1243 /* libPods-QUICKLEARN.a in Frameworks */,
			);
			runOnlyForDeploymentPostprocessing = 0;
		};
		B6D6C30923616E4A0022245F /* Frameworks */ = {
			isa = PBXFrameworksBuildPhase;
			buildActionMask = 2147483647;
			files = (
				7589C04DF2A456BA46C966BD /* libPods-QUICKLEARNTests.a in Frameworks */,
			);
			runOnlyForDeploymentPostprocessing = 0;
		};
		B6D6C31423616E4A0022245F /* Frameworks */ = {
			isa = PBXFrameworksBuildPhase;
			buildActionMask = 2147483647;
			files = (
			);
			runOnlyForDeploymentPostprocessing = 0;
		};
/* End PBXFrameworksBuildPhase section */

/* Begin PBXGroup section */
		402728042BB5018042359C44 /* Pods */ = {
			isa = PBXGroup;
			children = (
				0738CAA76DE839206FD56BB2 /* Pods-QUICKLEARN.debug.xcconfig */,
				2C9169D6E3DBA05BF1CF2173 /* Pods-QUICKLEARN.release.xcconfig */,
				25771004D222B8BA67DD5BFA /* Pods-QUICKLEARNTests.debug.xcconfig */,
				92BA7608407FDF18A0477947 /* Pods-QUICKLEARNTests.release.xcconfig */,
			);
			path = Pods;
			sourceTree = "<group>";
		};
		4419898BE22D555A6E1C4E5D /* Frameworks */ = {
			isa = PBXGroup;
			children = (
				4155CF064E29712677C04578 /* libPods-QUICKLEARN.a */,
				CB77E3E018A464A987E92C64 /* libPods-QUICKLEARNTests.a */,
			);
			name = Frameworks;
			sourceTree = "<group>";
		};
		B6D6C2EA23616E480022245F = {
			isa = PBXGroup;
			children = (
				B6D6C2F523616E480022245F /* QUICKLEARN */,
				B6D6C30F23616E4A0022245F /* QUICKLEARNTests */,
				B6D6C31A23616E4B0022245F /* QUICKLEARNUITests */,
				B6D6C2F423616E480022245F /* Products */,
				402728042BB5018042359C44 /* Pods */,
				4419898BE22D555A6E1C4E5D /* Frameworks */,
			);
			sourceTree = "<group>";
		};
		B6D6C2F423616E480022245F /* Products */ = {
			isa = PBXGroup;
			children = (
				B6D6C2F323616E480022245F /* QUICKLEARN.app */,
				B6D6C30C23616E4A0022245F /* QUICKLEARNTests.xctest */,
				B6D6C31723616E4A0022245F /* QUICKLEARNUITests.xctest */,
			);
			name = Products;
			sourceTree = "<group>";
		};
		B6D6C2F523616E480022245F /* QUICKLEARN */ = {
			isa = PBXGroup;
			children = (
				B6D6C2F623616E480022245F /* AppDelegate.swift */,
				B6D6C2F823616E480022245F /* SceneDelegate.swift */,
				B6D6C2FA23616E480022245F /* ViewController.swift */,
				B681A57B2361D10400340D05 /* HistoryListViewController.swift */,
				B6BF7C0D23631A0C0004D15B /* HistoryCell.swift */,
				B681A5752361A3A900340D05 /* Model.swift */,
				B6D6C2FC23616E480022245F /* Main.storyboard */,
				B6D6C30223616E4A0022245F /* Assets.xcassets */,
				B6D6C30423616E4A0022245F /* LaunchScreen.storyboard */,
				B6D6C30723616E4A0022245F /* Info.plist */,
				B6D6C2FF23616E480022245F /* QUICKLEARN.xcdatamodeld */,
			);
			path = QUICKLEARN;
			sourceTree = "<group>";
		};
		B6D6C30F23616E4A0022245F /* QUICKLEARNTests */ = {
			isa = PBXGroup;
			children = (
				B6D6C31023616E4A0022245F /* QUICKLEARNTests.swift */,
				B6D6C31223616E4A0022245F /* Info.plist */,
				B6E4B75E23635625002EDBCC /* Images.xcassets */,
			);
			path = QUICKLEARNTests;
			sourceTree = "<group>";
		};
		B6D6C31A23616E4B0022245F /* QUICKLEARNUITests */ = {
			isa = PBXGroup;
			children = (
				B6D6C31B23616E4B0022245F /* QUICKLEARNUITests.swift */,
				B6D6C31D23616E4B0022245F /* Info.plist */,
			);
			path = QUICKLEARNUITests;
			sourceTree = "<group>";
		};
/* End PBXGroup section */

/* Begin PBXNativeTarget section */
		B6D6C2F223616E480022245F /* QUICKLEARN */ = {
			isa = PBXNativeTarget;
			buildConfigurationList = B6D6C32023616E4B0022245F /* Build configuration list for PBXNativeTarget "QUICKLEARN" */;
			buildPhases = (
				741BDC539DC3B946D3FC77A1 /* [CP] Check Pods Manifest.lock */,
				B6D6C2EF23616E480022245F /* Sources */,
				B6D6C2F023616E480022245F /* Frameworks */,
				B6D6C2F123616E480022245F /* Resources */,
			);
			buildRules = (
			);
			dependencies = (
			);
			name = QUICKLEARN;
			productName = QUICKLEARN;
			productReference = B6D6C2F323616E480022245F /* QUICKLEARN.app */;
			productType = "com.apple.product-type.application";
		};
		B6D6C30B23616E4A0022245F /* QUICKLEARNTests */ = {
			isa = PBXNativeTarget;
			buildConfigurationList = B6D6C32323616E4B0022245F /* Build configuration list for PBXNativeTarget "QUICKLEARNTests" */;
			buildPhases = (
				A07CA1D1597C351F28540A72 /* [CP] Check Pods Manifest.lock */,
				B6D6C30823616E4A0022245F /* Sources */,
				B6D6C30923616E4A0022245F /* Frameworks */,
				B6D6C30A23616E4A0022245F /* Resources */,
			);
			buildRules = (
			);
			dependencies = (
				B6D6C30E23616E4A0022245F /* PBXTargetDependency */,
			);
			name = QUICKLEARNTests;
			productName = QUICKLEARNTests;
			productReference = B6D6C30C23616E4A0022245F /* QUICKLEARNTests.xctest */;
			productType = "com.apple.product-type.bundle.unit-test";
		};
		B6D6C31623616E4A0022245F /* QUICKLEARNUITests */ = {
			isa = PBXNativeTarget;
			buildConfigurationList = B6D6C32623616E4B0022245F /* Build configuration list for PBXNativeTarget "QUICKLEARNUITests" */;
			buildPhases = (
				B6D6C31323616E4A0022245F /* Sources */,
				B6D6C31423616E4A0022245F /* Frameworks */,
				B6D6C31523616E4A0022245F /* Resources */,
			);
			buildRules = (
			);
			dependencies = (
				B6D6C31923616E4A0022245F /* PBXTargetDependency */,
			);
			name = QUICKLEARNUITests;
			productName = QUICKLEARNUITests;
			productReference = B6D6C31723616E4A0022245F /* QUICKLEARNUITests.xctest */;
			productType = "com.apple.product-type.bundle.ui-testing";
		};
/* End PBXNativeTarget section */

/* Begin PBXProject section */
		B6D6C2EB23616E480022245F /* Project object */ = {
			isa = PBXProject;
			attributes = {
				LastSwiftUpdateCheck = 1110;
				LastUpgradeCheck = 1110;
				ORGANIZATIONNAME = wangquangang;
				TargetAttributes = {
					B6D6C2F223616E480022245F = {
						CreatedOnToolsVersion = 11.1;
					};
					B6D6C30B23616E4A0022245F = {
						CreatedOnToolsVersion = 11.1;
						TestTargetID = B6D6C2F223616E480022245F;
					};
					B6D6C31623616E4A0022245F = {
						CreatedOnToolsVersion = 11.1;
						TestTargetID = B6D6C2F223616E480022245F;
					};
				};
			};
			buildConfigurationList = B6D6C2EE23616E480022245F /* Build configuration list for PBXProject "QUICKLEARN" */;
			compatibilityVersion = "Xcode 9.3";
			developmentRegion = en;
			hasScannedForEncodings = 0;
			knownRegions = (
				en,
				Base,
			);
			mainGroup = B6D6C2EA23616E480022245F;
			productRefGroup = B6D6C2F423616E480022245F /* Products */;
			projectDirPath = "";
			projectRoot = "";
			targets = (
				B6D6C2F223616E480022245F /* QUICKLEARN */,
				B6D6C30B23616E4A0022245F /* QUICKLEARNTests */,
				B6D6C31623616E4A0022245F /* QUICKLEARNUITests */,
			);
		};
/* End PBXProject section */

/* Begin PBXResourcesBuildPhase section */
		B6D6C2F123616E480022245F /* Resources */ = {
			isa = PBXResourcesBuildPhase;
			buildActionMask = 2147483647;
			files = (
				B6D6C30623616E4A0022245F /* LaunchScreen.storyboard in Resources */,
				B6D6C30323616E4A0022245F /* Assets.xcassets in Resources */,
				B6D6C2FE23616E480022245F /* Main.storyboard in Resources */,
			);
			runOnlyForDeploymentPostprocessing = 0;
		};
		B6D6C30A23616E4A0022245F /* Resources */ = {
			isa = PBXResourcesBuildPhase;
			buildActionMask = 2147483647;
			files = (
				B6E4B75F23635625002EDBCC /* Images.xcassets in Resources */,
				B6E4B75923634F41002EDBCC /* Main.storyboard in Resources */,
			);
			runOnlyForDeploymentPostprocessing = 0;
		};
		B6D6C31523616E4A0022245F /* Resources */ = {
			isa = PBXResourcesBuildPhase;
			buildActionMask = 2147483647;
			files = (
			);
			runOnlyForDeploymentPostprocessing = 0;
		};
/* End PBXResourcesBuildPhase section */

/* Begin PBXShellScriptBuildPhase section */
		741BDC539DC3B946D3FC77A1 /* [CP] Check Pods Manifest.lock */ = {
			isa = PBXShellScriptBuildPhase;
			buildActionMask = 2147483647;
			files = (
			);
			inputFileListPaths = (
			);
			inputPaths = (
				"${PODS_PODFILE_DIR_PATH}/Podfile.lock",
				"${PODS_ROOT}/Manifest.lock",
			);
			name = "[CP] Check Pods Manifest.lock";
			outputFileListPaths = (
			);
			outputPaths = (
				"$(DERIVED_FILE_DIR)/Pods-QUICKLEARN-checkManifestLockResult.txt",
			);
			runOnlyForDeploymentPostprocessing = 0;
			shellPath = /bin/sh;
			shellScript = "diff \"${PODS_PODFILE_DIR_PATH}/Podfile.lock\" \"${PODS_ROOT}/Manifest.lock\" > /dev/null\nif [ $? != 0 ] ; then\n    # print error to STDERR\n    echo \"error: The sandbox is not in sync with the Podfile.lock. Run 'pod install' or update your CocoaPods installation.\" >&2\n    exit 1\nfi\n# This output is used by Xcode 'outputs' to avoid re-running this script phase.\necho \"SUCCESS\" > \"${SCRIPT_OUTPUT_FILE_0}\"\n";
			showEnvVarsInLog = 0;
		};
		A07CA1D1597C351F28540A72 /* [CP] Check Pods Manifest.lock */ = {
			isa = PBXShellScriptBuildPhase;
			buildActionMask = 2147483647;
			files = (
			);
			inputFileListPaths = (
			);
			inputPaths = (
				"${PODS_PODFILE_DIR_PATH}/Podfile.lock",
				"${PODS_ROOT}/Manifest.lock",
			);
			name = "[CP] Check Pods Manifest.lock";
			outputFileListPaths = (
			);
			outputPaths = (
				"$(DERIVED_FILE_DIR)/Pods-QUICKLEARNTests-checkManifestLockResult.txt",
			);
			runOnlyForDeploymentPostprocessing = 0;
			shellPath = /bin/sh;
			shellScript = "diff \"${PODS_PODFILE_DIR_PATH}/Podfile.lock\" \"${PODS_ROOT}/Manifest.lock\" > /dev/null\nif [ $? != 0 ] ; then\n    # print error to STDERR\n    echo \"error: The sandbox is not in sync with the Podfile.lock. Run 'pod install' or update your CocoaPods installation.\" >&2\n    exit 1\nfi\n# This output is used by Xcode 'outputs' to avoid re-running this script phase.\necho \"SUCCESS\" > \"${SCRIPT_OUTPUT_FILE_0}\"\n";
			showEnvVarsInLog = 0;
		};
/* End PBXShellScriptBuildPhase section */

/* Begin PBXSourcesBuildPhase section */
		B6D6C2EF23616E480022245F /* Sources */ = {
			isa = PBXSourcesBuildPhase;
			buildActionMask = 2147483647;
			files = (
				B681A5762361A3A900340D05 /* Model.swift in Sources */,
				B6BF7C0E23631A0C0004D15B /* HistoryCell.swift in Sources */,
				B6D6C2FB23616E480022245F /* ViewController.swift in Sources */,
				B6D6C2F723616E480022245F /* AppDelegate.swift in Sources */,
				B6D6C30123616E480022245F /* QUICKLEARN.xcdatamodeld in Sources */,
				B6D6C2F923616E480022245F /* SceneDelegate.swift in Sources */,
				B681A57C2361D10400340D05 /* HistoryListViewController.swift in Sources */,
			);
			runOnlyForDeploymentPostprocessing = 0;
		};
		B6D6C30823616E4A0022245F /* Sources */ = {
			isa = PBXSourcesBuildPhase;
			buildActionMask = 2147483647;
			files = (
				B6E4B75323634CE2002EDBCC /* Model.swift in Sources */,
				B6E4B74623634826002EDBCC /* ViewController.swift in Sources */,
				B6D6C31123616E4A0022245F /* QUICKLEARNTests.swift in Sources */,
				B6E4B74B23634C06002EDBCC /* HistoryCell.swift in Sources */,
				B6E4B74823634830002EDBCC /* HistoryListViewController.swift in Sources */,
			);
			runOnlyForDeploymentPostprocessing = 0;
		};
		B6D6C31323616E4A0022245F /* Sources */ = {
			isa = PBXSourcesBuildPhase;
			buildActionMask = 2147483647;
			files = (
				B6D6C31C23616E4B0022245F /* QUICKLEARNUITests.swift in Sources */,
			);
			runOnlyForDeploymentPostprocessing = 0;
		};
/* End PBXSourcesBuildPhase section */

/* Begin PBXTargetDependency section */
		B6D6C30E23616E4A0022245F /* PBXTargetDependency */ = {
			isa = PBXTargetDependency;
			target = B6D6C2F223616E480022245F /* QUICKLEARN */;
			targetProxy = B6D6C30D23616E4A0022245F /* PBXContainerItemProxy */;
		};
		B6D6C31923616E4A0022245F /* PBXTargetDependency */ = {
			isa = PBXTargetDependency;
			target = B6D6C2F223616E480022245F /* QUICKLEARN */;
			targetProxy = B6D6C31823616E4A0022245F /* PBXContainerItemProxy */;
		};
/* End PBXTargetDependency section */

/* Begin PBXVariantGroup section */
		B6D6C2FC23616E480022245F /* Main.storyboard */ = {
			isa = PBXVariantGroup;
			children = (
				B6D6C2FD23616E480022245F /* Base */,
			);
			name = Main.storyboard;
			sourceTree = "<group>";
		};
		B6D6C30423616E4A0022245F /* LaunchScreen.storyboard */ = {
			isa = PBXVariantGroup;
			children = (
				B6D6C30523616E4A0022245F /* Base */,
			);
			name = LaunchScreen.storyboard;
			sourceTree = "<group>";
		};
/* End PBXVariantGroup section */

/* Begin XCBuildConfiguration section */
		B6D6C31E23616E4B0022245F /* Debug */ = {
			isa = XCBuildConfiguration;
			buildSettings = {
				ALWAYS_SEARCH_USER_PATHS = NO;
				CLANG_ANALYZER_NONNULL = YES;
				CLANG_ANALYZER_NUMBER_OBJECT_CONVERSION = YES_AGGRESSIVE;
				CLANG_CXX_LANGUAGE_STANDARD = "gnu++14";
				CLANG_CXX_LIBRARY = "libc++";
				CLANG_ENABLE_MODULES = YES;
				CLANG_ENABLE_OBJC_ARC = YES;
				CLANG_ENABLE_OBJC_WEAK = YES;
				CLANG_WARN_BLOCK_CAPTURE_AUTORELEASING = YES;
				CLANG_WARN_BOOL_CONVERSION = YES;
				CLANG_WARN_COMMA = YES;
				CLANG_WARN_CONSTANT_CONVERSION = YES;
				CLANG_WARN_DEPRECATED_OBJC_IMPLEMENTATIONS = YES;
				CLANG_WARN_DIRECT_OBJC_ISA_USAGE = YES_ERROR;
				CLANG_WARN_DOCUMENTATION_COMMENTS = YES;
				CLANG_WARN_EMPTY_BODY = YES;
				CLANG_WARN_ENUM_CONVERSION = YES;
				CLANG_WARN_INFINITE_RECURSION = YES;
				CLANG_WARN_INT_CONVERSION = YES;
				CLANG_WARN_NON_LITERAL_NULL_CONVERSION = YES;
				CLANG_WARN_OBJC_IMPLICIT_RETAIN_SELF = YES;
				CLANG_WARN_OBJC_LITERAL_CONVERSION = YES;
				CLANG_WARN_OBJC_ROOT_CLASS = YES_ERROR;
				CLANG_WARN_RANGE_LOOP_ANALYSIS = YES;
				CLANG_WARN_STRICT_PROTOTYPES = YES;
				CLANG_WARN_SUSPICIOUS_MOVE = YES;
				CLANG_WARN_UNGUARDED_AVAILABILITY = YES_AGGRESSIVE;
				CLANG_WARN_UNREACHABLE_CODE = YES;
				CLANG_WARN__DUPLICATE_METHOD_MATCH = YES;
				COPY_PHASE_STRIP = NO;
				DEBUG_INFORMATION_FORMAT = dwarf;
				ENABLE_STRICT_OBJC_MSGSEND = YES;
				ENABLE_TESTABILITY = YES;
				GCC_C_LANGUAGE_STANDARD = gnu11;
				GCC_DYNAMIC_NO_PIC = NO;
				GCC_NO_COMMON_BLOCKS = YES;
				GCC_OPTIMIZATION_LEVEL = 0;
				GCC_PREPROCESSOR_DEFINITIONS = (
					"DEBUG=1",
					"$(inherited)",
				);
				GCC_WARN_64_TO_32_BIT_CONVERSION = YES;
				GCC_WARN_ABOUT_RETURN_TYPE = YES_ERROR;
				GCC_WARN_UNDECLARED_SELECTOR = YES;
				GCC_WARN_UNINITIALIZED_AUTOS = YES_AGGRESSIVE;
				GCC_WARN_UNUSED_FUNCTION = YES;
				GCC_WARN_UNUSED_VARIABLE = YES;
				IPHONEOS_DEPLOYMENT_TARGET = 13.1;
				MTL_ENABLE_DEBUG_INFO = INCLUDE_SOURCE;
				MTL_FAST_MATH = YES;
				ONLY_ACTIVE_ARCH = YES;
				SDKROOT = iphoneos;
				SWIFT_ACTIVE_COMPILATION_CONDITIONS = DEBUG;
				SWIFT_OPTIMIZATION_LEVEL = "-Onone";
			};
			name = Debug;
		};
		B6D6C31F23616E4B0022245F /* Release */ = {
			isa = XCBuildConfiguration;
			buildSettings = {
				ALWAYS_SEARCH_USER_PATHS = NO;
				CLANG_ANALYZER_NONNULL = YES;
				CLANG_ANALYZER_NUMBER_OBJECT_CONVERSION = YES_AGGRESSIVE;
				CLANG_CXX_LANGUAGE_STANDARD = "gnu++14";
				CLANG_CXX_LIBRARY = "libc++";
				CLANG_ENABLE_MODULES = YES;
				CLANG_ENABLE_OBJC_ARC = YES;
				CLANG_ENABLE_OBJC_WEAK = YES;
				CLANG_WARN_BLOCK_CAPTURE_AUTORELEASING = YES;
				CLANG_WARN_BOOL_CONVERSION = YES;
				CLANG_WARN_COMMA = YES;
				CLANG_WARN_CONSTANT_CONVERSION = YES;
				CLANG_WARN_DEPRECATED_OBJC_IMPLEMENTATIONS = YES;
				CLANG_WARN_DIRECT_OBJC_ISA_USAGE = YES_ERROR;
				CLANG_WARN_DOCUMENTATION_COMMENTS = YES;
				CLANG_WARN_EMPTY_BODY = YES;
				CLANG_WARN_ENUM_CONVERSION = YES;
				CLANG_WARN_INFINITE_RECURSION = YES;
				CLANG_WARN_INT_CONVERSION = YES;
				CLANG_WARN_NON_LITERAL_NULL_CONVERSION = YES;
				CLANG_WARN_OBJC_IMPLICIT_RETAIN_SELF = YES;
				CLANG_WARN_OBJC_LITERAL_CONVERSION = YES;
				CLANG_WARN_OBJC_ROOT_CLASS = YES_ERROR;
				CLANG_WARN_RANGE_LOOP_ANALYSIS = YES;
				CLANG_WARN_STRICT_PROTOTYPES = YES;
				CLANG_WARN_SUSPICIOUS_MOVE = YES;
				CLANG_WARN_UNGUARDED_AVAILABILITY = YES_AGGRESSIVE;
				CLANG_WARN_UNREACHABLE_CODE = YES;
				CLANG_WARN__DUPLICATE_METHOD_MATCH = YES;
				COPY_PHASE_STRIP = NO;
				DEBUG_INFORMATION_FORMAT = "dwarf-with-dsym";
				ENABLE_NS_ASSERTIONS = NO;
				ENABLE_STRICT_OBJC_MSGSEND = YES;
				GCC_C_LANGUAGE_STANDARD = gnu11;
				GCC_NO_COMMON_BLOCKS = YES;
				GCC_WARN_64_TO_32_BIT_CONVERSION = YES;
				GCC_WARN_ABOUT_RETURN_TYPE = YES_ERROR;
				GCC_WARN_UNDECLARED_SELECTOR = YES;
				GCC_WARN_UNINITIALIZED_AUTOS = YES_AGGRESSIVE;
				GCC_WARN_UNUSED_FUNCTION = YES;
				GCC_WARN_UNUSED_VARIABLE = YES;
				IPHONEOS_DEPLOYMENT_TARGET = 13.1;
				MTL_ENABLE_DEBUG_INFO = NO;
				MTL_FAST_MATH = YES;
				SDKROOT = iphoneos;
				SWIFT_COMPILATION_MODE = wholemodule;
				SWIFT_OPTIMIZATION_LEVEL = "-O";
				VALIDATE_PRODUCT = YES;
			};
			name = Release;
		};
		B6D6C32123616E4B0022245F /* Debug */ = {
			isa = XCBuildConfiguration;
			baseConfigurationReference = 0738CAA76DE839206FD56BB2 /* Pods-QUICKLEARN.debug.xcconfig */;
			buildSettings = {
				ASSETCATALOG_COMPILER_APPICON_NAME = AppIcon;
				CODE_SIGN_STYLE = Automatic;
				DEVELOPMENT_TEAM = JJTRTP58B3;
				INFOPLIST_FILE = QUICKLEARN/Info.plist;
				LD_RUNPATH_SEARCH_PATHS = (
					"$(inherited)",
					"@executable_path/Frameworks",
				);
				PRODUCT_BUNDLE_IDENTIFIER = com.wangquangang.QUICKLEARN;
				PRODUCT_NAME = "$(TARGET_NAME)";
				SWIFT_VERSION = 5.0;
				TARGETED_DEVICE_FAMILY = "1,2";
			};
			name = Debug;
		};
		B6D6C32223616E4B0022245F /* Release */ = {
			isa = XCBuildConfiguration;
			baseConfigurationReference = 2C9169D6E3DBA05BF1CF2173 /* Pods-QUICKLEARN.release.xcconfig */;
			buildSettings = {
				ASSETCATALOG_COMPILER_APPICON_NAME = AppIcon;
				CODE_SIGN_STYLE = Automatic;
				DEVELOPMENT_TEAM = JJTRTP58B3;
				INFOPLIST_FILE = QUICKLEARN/Info.plist;
				LD_RUNPATH_SEARCH_PATHS = (
					"$(inherited)",
					"@executable_path/Frameworks",
				);
				PRODUCT_BUNDLE_IDENTIFIER = com.wangquangang.QUICKLEARN;
				PRODUCT_NAME = "$(TARGET_NAME)";
				SWIFT_VERSION = 5.0;
				TARGETED_DEVICE_FAMILY = "1,2";
			};
			name = Release;
		};
		B6D6C32423616E4B0022245F /* Debug */ = {
			isa = XCBuildConfiguration;
			baseConfigurationReference = 25771004D222B8BA67DD5BFA /* Pods-QUICKLEARNTests.debug.xcconfig */;
			buildSettings = {
				ALWAYS_EMBED_SWIFT_STANDARD_LIBRARIES = YES;
				BUNDLE_LOADER = "$(TEST_HOST)";
				CODE_SIGN_STYLE = Automatic;
				DEVELOPMENT_TEAM = JJTRTP58B3;
				INFOPLIST_FILE = QUICKLEARNTests/Info.plist;
				IPHONEOS_DEPLOYMENT_TARGET = 13.1;
				LD_RUNPATH_SEARCH_PATHS = (
					"$(inherited)",
					"@executable_path/Frameworks",
					"@loader_path/Frameworks",
				);
				PRODUCT_BUNDLE_IDENTIFIER = com.wangquangang.QUICKLEARNTests;
				PRODUCT_NAME = "$(TARGET_NAME)";
				SWIFT_VERSION = 5.0;
				TARGETED_DEVICE_FAMILY = "1,2";
				TEST_HOST = "$(BUILT_PRODUCTS_DIR)/QUICKLEARN.app/QUICKLEARN";
			};
			name = Debug;
		};
		B6D6C32523616E4B0022245F /* Release */ = {
			isa = XCBuildConfiguration;
			baseConfigurationReference = 92BA7608407FDF18A0477947 /* Pods-QUICKLEARNTests.release.xcconfig */;
			buildSettings = {
				ALWAYS_EMBED_SWIFT_STANDARD_LIBRARIES = YES;
				BUNDLE_LOADER = "$(TEST_HOST)";
				CODE_SIGN_STYLE = Automatic;
				DEVELOPMENT_TEAM = JJTRTP58B3;
				INFOPLIST_FILE = QUICKLEARNTests/Info.plist;
				IPHONEOS_DEPLOYMENT_TARGET = 13.1;
				LD_RUNPATH_SEARCH_PATHS = (
					"$(inherited)",
					"@executable_path/Frameworks",
					"@loader_path/Frameworks",
				);
				PRODUCT_BUNDLE_IDENTIFIER = com.wangquangang.QUICKLEARNTests;
				PRODUCT_NAME = "$(TARGET_NAME)";
				SWIFT_VERSION = 5.0;
				TARGETED_DEVICE_FAMILY = "1,2";
				TEST_HOST = "$(BUILT_PRODUCTS_DIR)/QUICKLEARN.app/QUICKLEARN";
			};
			name = Release;
		};
		B6D6C32723616E4B0022245F /* Debug */ = {
			isa = XCBuildConfiguration;
			buildSettings = {
				ALWAYS_EMBED_SWIFT_STANDARD_LIBRARIES = YES;
				CODE_SIGN_STYLE = Automatic;
				DEVELOPMENT_TEAM = JJTRTP58B3;
				INFOPLIST_FILE = QUICKLEARNUITests/Info.plist;
				LD_RUNPATH_SEARCH_PATHS = (
					"$(inherited)",
					"@executable_path/Frameworks",
					"@loader_path/Frameworks",
				);
				PRODUCT_BUNDLE_IDENTIFIER = com.wangquangang.QUICKLEARNUITests;
				PRODUCT_NAME = "$(TARGET_NAME)";
				SWIFT_VERSION = 5.0;
				TARGETED_DEVICE_FAMILY = "1,2";
				TEST_TARGET_NAME = QUICKLEARN;
			};
			name = Debug;
		};
		B6D6C32823616E4B0022245F /* Release */ = {
			isa = XCBuildConfiguration;
			buildSettings = {
				ALWAYS_EMBED_SWIFT_STANDARD_LIBRARIES = YES;
				CODE_SIGN_STYLE = Automatic;
				DEVELOPMENT_TEAM = JJTRTP58B3;
				INFOPLIST_FILE = QUICKLEARNUITests/Info.plist;
				LD_RUNPATH_SEARCH_PATHS = (
					"$(inherited)",
					"@executable_path/Frameworks",
					"@loader_path/Frameworks",
				);
				PRODUCT_BUNDLE_IDENTIFIER = com.wangquangang.QUICKLEARNUITests;
				PRODUCT_NAME = "$(TARGET_NAME)";
				SWIFT_VERSION = 5.0;
				TARGETED_DEVICE_FAMILY = "1,2";
				TEST_TARGET_NAME = QUICKLEARN;
			};
			name = Release;
		};
/* End XCBuildConfiguration section */

/* Begin XCConfigurationList section */
		B6D6C2EE23616E480022245F /* Build configuration list for PBXProject "QUICKLEARN" */ = {
			isa = XCConfigurationList;
			buildConfigurations = (
				B6D6C31E23616E4B0022245F /* Debug */,
				B6D6C31F23616E4B0022245F /* Release */,
			);
			defaultConfigurationIsVisible = 0;
			defaultConfigurationName = Release;
		};
		B6D6C32023616E4B0022245F /* Build configuration list for PBXNativeTarget "QUICKLEARN" */ = {
			isa = XCConfigurationList;
			buildConfigurations = (
				B6D6C32123616E4B0022245F /* Debug */,
				B6D6C32223616E4B0022245F /* Release */,
			);
			defaultConfigurationIsVisible = 0;
			defaultConfigurationName = Release;
		};
		B6D6C32323616E4B0022245F /* Build configuration list for PBXNativeTarget "QUICKLEARNTests" */ = {
			isa = XCConfigurationList;
			buildConfigurations = (
				B6D6C32423616E4B0022245F /* Debug */,
				B6D6C32523616E4B0022245F /* Release */,
			);
			defaultConfigurationIsVisible = 0;
			defaultConfigurationName = Release;
		};
		B6D6C32623616E4B0022245F /* Build configuration list for PBXNativeTarget "QUICKLEARNUITests" */ = {
			isa = XCConfigurationList;
			buildConfigurations = (
				B6D6C32723616E4B0022245F /* Debug */,
				B6D6C32823616E4B0022245F /* Release */,
			);
			defaultConfigurationIsVisible = 0;
			defaultConfigurationName = Release;
		};
/* End XCConfigurationList section */

/* Begin XCVersionGroup section */
		B6D6C2FF23616E480022245F /* QUICKLEARN.xcdatamodeld */ = {
			isa = XCVersionGroup;
			children = (
				B6D6C30023616E480022245F /* QUICKLEARN.xcdatamodel */,
			);
			currentVersion = B6D6C30023616E480022245F /* QUICKLEARN.xcdatamodel */;
			path = QUICKLEARN.xcdatamodeld;
			sourceTree = "<group>";
			versionGroupType = wrapper.xcdatamodel;
		};
/* End XCVersionGroup section */
	};
	rootObject = B6D6C2EB23616E480022245F /* Project object */;
}
